// !$*UTF8*$!
{
	archiveVersion = 1;
	classes = {
	};
	objectVersion = 50;
	objects = {

/* Begin PBXBuildFile section */
		BF4F789021C3DE0D000B10C2 /* AppDelegate.swift in Sources */ = {isa = PBXBuildFile; fileRef = BF4F788F21C3DE0D000B10C2 /* AppDelegate.swift */; };
		BF4F789721C3DE10000B10C2 /* Assets.xcassets in Resources */ = {isa = PBXBuildFile; fileRef = BF4F789621C3DE10000B10C2 /* Assets.xcassets */; };
		BF4F789A21C3DE10000B10C2 /* LaunchScreen.storyboard in Resources */ = {isa = PBXBuildFile; fileRef = BF4F789821C3DE10000B10C2 /* LaunchScreen.storyboard */; };
		BF4F78A521C3DE10000B10C2 /* MVVMSampleTests.swift in Sources */ = {isa = PBXBuildFile; fileRef = BF4F78A421C3DE10000B10C2 /* MVVMSampleTests.swift */; };
		BF4F78B721C3E070000B10C2 /* CoordinatorFactory.swift in Sources */ = {isa = PBXBuildFile; fileRef = BF4F78B421C3E070000B10C2 /* CoordinatorFactory.swift */; };
		BF4F78B821C3E070000B10C2 /* iPhoneAppCoordinator.swift in Sources */ = {isa = PBXBuildFile; fileRef = BF4F78B521C3E070000B10C2 /* iPhoneAppCoordinator.swift */; };
		BF4F78B921C3E070000B10C2 /* Coordinator.swift in Sources */ = {isa = PBXBuildFile; fileRef = BF4F78B621C3E070000B10C2 /* Coordinator.swift */; };
		BF4F78BB21C3E0B9000B10C2 /* ToDoListViewController.swift in Sources */ = {isa = PBXBuildFile; fileRef = BF4F78BA21C3E0B9000B10C2 /* ToDoListViewController.swift */; };
		BF4F78BD21C3E0CE000B10C2 /* ToDoListView.storyboard in Resources */ = {isa = PBXBuildFile; fileRef = BF4F78BC21C3E0CE000B10C2 /* ToDoListView.storyboard */; };
		BF4F78BF21C3E0DE000B10C2 /* ToDoListViewModel.swift in Sources */ = {isa = PBXBuildFile; fileRef = BF4F78BE21C3E0DE000B10C2 /* ToDoListViewModel.swift */; };
		BF4F78C121C3E0EF000B10C2 /* ToDoListRouter.swift in Sources */ = {isa = PBXBuildFile; fileRef = BF4F78C021C3E0EF000B10C2 /* ToDoListRouter.swift */; };
		BF4F78C321C3E13E000B10C2 /* ToDoListViewModelImpl.swift in Sources */ = {isa = PBXBuildFile; fileRef = BF4F78C221C3E13E000B10C2 /* ToDoListViewModelImpl.swift */; };
		BF4F78C521C3E17C000B10C2 /* ToDoListFactory.swift in Sources */ = {isa = PBXBuildFile; fileRef = BF4F78C421C3E17C000B10C2 /* ToDoListFactory.swift */; };
		BF4F78CA21C4387C000B10C2 /* ToDoItemRepository.swift in Sources */ = {isa = PBXBuildFile; fileRef = BF4F78C921C4387C000B10C2 /* ToDoItemRepository.swift */; };
		BF4F78CC21C4388B000B10C2 /* ToDoItem.swift in Sources */ = {isa = PBXBuildFile; fileRef = BF4F78CB21C4388B000B10C2 /* ToDoItem.swift */; };
		BF4F78CE21C43899000B10C2 /* ToDoItemPriority.swift in Sources */ = {isa = PBXBuildFile; fileRef = BF4F78CD21C43899000B10C2 /* ToDoItemPriority.swift */; };
		BF4F78D121C439BE000B10C2 /* Result.swift in Sources */ = {isa = PBXBuildFile; fileRef = BF4F78D021C439BE000B10C2 /* Result.swift */; };
		BF4F78D321C43F7E000B10C2 /* ToDoItemRepositoryImpl.swift in Sources */ = {isa = PBXBuildFile; fileRef = BF4F78D221C43F7E000B10C2 /* ToDoItemRepositoryImpl.swift */; };
		BF4F78D721C440C7000B10C2 /* ToDoItemRepositoryFactory.swift in Sources */ = {isa = PBXBuildFile; fileRef = BF4F78D621C440C7000B10C2 /* ToDoItemRepositoryFactory.swift */; };
		BF4F78DB21C4466A000B10C2 /* ToDoListItemViewModel.swift in Sources */ = {isa = PBXBuildFile; fileRef = BF4F78DA21C4466A000B10C2 /* ToDoListItemViewModel.swift */; };
		BF4F78E221C59EF3000B10C2 /* ToDoListItemCell.swift in Sources */ = {isa = PBXBuildFile; fileRef = BF4F78E121C59EF3000B10C2 /* ToDoListItemCell.swift */; };
		BF4F78E521C7EEB7000B10C2 /* ToDoItemDataAccess.swift in Sources */ = {isa = PBXBuildFile; fileRef = BF4F78E421C7EEB7000B10C2 /* ToDoItemDataAccess.swift */; };
		BF4F78E721C7EF7E000B10C2 /* UserDefaultsToDoItemDAO.swift in Sources */ = {isa = PBXBuildFile; fileRef = BF4F78E621C7EF7E000B10C2 /* UserDefaultsToDoItemDAO.swift */; };
		BF4F78EC21C7F430000B10C2 /* AddToDoItemRouter.swift in Sources */ = {isa = PBXBuildFile; fileRef = BF4F78EB21C7F430000B10C2 /* AddToDoItemRouter.swift */; };
		BF4F78EE21C7F46B000B10C2 /* AddToDoItemView.storyboard in Resources */ = {isa = PBXBuildFile; fileRef = BF4F78ED21C7F46B000B10C2 /* AddToDoItemView.storyboard */; };
		BF5F92FA21C7F4B900B6F632 /* AddToDoItemViewController.swift in Sources */ = {isa = PBXBuildFile; fileRef = BF5F92F921C7F4B900B6F632 /* AddToDoItemViewController.swift */; };
		BF5F92FC21C7F4F500B6F632 /* AddToDoItemViewModel.swift in Sources */ = {isa = PBXBuildFile; fileRef = BF5F92FB21C7F4F500B6F632 /* AddToDoItemViewModel.swift */; };
		BF5F92FE21C7F50600B6F632 /* AddToDoItemViewModelImpl.swift in Sources */ = {isa = PBXBuildFile; fileRef = BF5F92FD21C7F50600B6F632 /* AddToDoItemViewModelImpl.swift */; };
		BF5F930021C7F86F00B6F632 /* AddToDoItemFactory.swift in Sources */ = {isa = PBXBuildFile; fileRef = BF5F92FF21C7F86F00B6F632 /* AddToDoItemFactory.swift */; };
		BF5F930421C836E700B6F632 /* WidgetFactory.swift in Sources */ = {isa = PBXBuildFile; fileRef = BF5F930321C836E700B6F632 /* WidgetFactory.swift */; };
		BF5F930621C8393700B6F632 /* SimplePickerView.swift in Sources */ = {isa = PBXBuildFile; fileRef = BF5F930521C8393700B6F632 /* SimplePickerView.swift */; };
		BF5F930821C8413E00B6F632 /* NewToDoItem.swift in Sources */ = {isa = PBXBuildFile; fileRef = BF5F930721C8413E00B6F632 /* NewToDoItem.swift */; };
/* End PBXBuildFile section */

/* Begin PBXContainerItemProxy section */
		BF4F78A121C3DE10000B10C2 /* PBXContainerItemProxy */ = {
			isa = PBXContainerItemProxy;
			containerPortal = BF4F788421C3DE0D000B10C2 /* Project object */;
			proxyType = 1;
			remoteGlobalIDString = BF4F788B21C3DE0D000B10C2;
			remoteInfo = MVVMSample;
		};
/* End PBXContainerItemProxy section */

/* Begin PBXFileReference section */
		BF4F788C21C3DE0D000B10C2 /* MVVMSample.app */ = {isa = PBXFileReference; explicitFileType = wrapper.application; includeInIndex = 0; path = MVVMSample.app; sourceTree = BUILT_PRODUCTS_DIR; };
		BF4F788F21C3DE0D000B10C2 /* AppDelegate.swift */ = {isa = PBXFileReference; lastKnownFileType = sourcecode.swift; path = AppDelegate.swift; sourceTree = "<group>"; };
		BF4F789621C3DE10000B10C2 /* Assets.xcassets */ = {isa = PBXFileReference; lastKnownFileType = folder.assetcatalog; path = Assets.xcassets; sourceTree = "<group>"; };
		BF4F789921C3DE10000B10C2 /* Base */ = {isa = PBXFileReference; lastKnownFileType = file.storyboard; name = Base; path = Base.lproj/LaunchScreen.storyboard; sourceTree = "<group>"; };
		BF4F789B21C3DE10000B10C2 /* Info.plist */ = {isa = PBXFileReference; lastKnownFileType = text.plist.xml; path = Info.plist; sourceTree = "<group>"; };
		BF4F78A021C3DE10000B10C2 /* MVVMSampleTests.xctest */ = {isa = PBXFileReference; explicitFileType = wrapper.cfbundle; includeInIndex = 0; path = MVVMSampleTests.xctest; sourceTree = BUILT_PRODUCTS_DIR; };
		BF4F78A421C3DE10000B10C2 /* MVVMSampleTests.swift */ = {isa = PBXFileReference; lastKnownFileType = sourcecode.swift; path = MVVMSampleTests.swift; sourceTree = "<group>"; };
		BF4F78A621C3DE10000B10C2 /* Info.plist */ = {isa = PBXFileReference; lastKnownFileType = text.plist.xml; path = Info.plist; sourceTree = "<group>"; };
		BF4F78B421C3E070000B10C2 /* CoordinatorFactory.swift */ = {isa = PBXFileReference; fileEncoding = 4; lastKnownFileType = sourcecode.swift; path = CoordinatorFactory.swift; sourceTree = "<group>"; };
		BF4F78B521C3E070000B10C2 /* iPhoneAppCoordinator.swift */ = {isa = PBXFileReference; fileEncoding = 4; lastKnownFileType = sourcecode.swift; path = iPhoneAppCoordinator.swift; sourceTree = "<group>"; };
		BF4F78B621C3E070000B10C2 /* Coordinator.swift */ = {isa = PBXFileReference; fileEncoding = 4; lastKnownFileType = sourcecode.swift; path = Coordinator.swift; sourceTree = "<group>"; };
		BF4F78BA21C3E0B9000B10C2 /* ToDoListViewController.swift */ = {isa = PBXFileReference; lastKnownFileType = sourcecode.swift; path = ToDoListViewController.swift; sourceTree = "<group>"; };
		BF4F78BC21C3E0CE000B10C2 /* ToDoListView.storyboard */ = {isa = PBXFileReference; lastKnownFileType = file.storyboard; path = ToDoListView.storyboard; sourceTree = "<group>"; };
		BF4F78BE21C3E0DE000B10C2 /* ToDoListViewModel.swift */ = {isa = PBXFileReference; lastKnownFileType = sourcecode.swift; path = ToDoListViewModel.swift; sourceTree = "<group>"; };
		BF4F78C021C3E0EF000B10C2 /* ToDoListRouter.swift */ = {isa = PBXFileReference; lastKnownFileType = sourcecode.swift; path = ToDoListRouter.swift; sourceTree = "<group>"; };
		BF4F78C221C3E13E000B10C2 /* ToDoListViewModelImpl.swift */ = {isa = PBXFileReference; lastKnownFileType = sourcecode.swift; path = ToDoListViewModelImpl.swift; sourceTree = "<group>"; };
		BF4F78C421C3E17C000B10C2 /* ToDoListFactory.swift */ = {isa = PBXFileReference; lastKnownFileType = sourcecode.swift; path = ToDoListFactory.swift; sourceTree = "<group>"; };
		BF4F78C921C4387C000B10C2 /* ToDoItemRepository.swift */ = {isa = PBXFileReference; lastKnownFileType = sourcecode.swift; path = ToDoItemRepository.swift; sourceTree = "<group>"; };
		BF4F78CB21C4388B000B10C2 /* ToDoItem.swift */ = {isa = PBXFileReference; lastKnownFileType = sourcecode.swift; path = ToDoItem.swift; sourceTree = "<group>"; };
		BF4F78CD21C43899000B10C2 /* ToDoItemPriority.swift */ = {isa = PBXFileReference; lastKnownFileType = sourcecode.swift; path = ToDoItemPriority.swift; sourceTree = "<group>"; };
		BF4F78D021C439BE000B10C2 /* Result.swift */ = {isa = PBXFileReference; lastKnownFileType = sourcecode.swift; path = Result.swift; sourceTree = "<group>"; };
		BF4F78D221C43F7E000B10C2 /* ToDoItemRepositoryImpl.swift */ = {isa = PBXFileReference; lastKnownFileType = sourcecode.swift; path = ToDoItemRepositoryImpl.swift; sourceTree = "<group>"; };
		BF4F78D621C440C7000B10C2 /* ToDoItemRepositoryFactory.swift */ = {isa = PBXFileReference; lastKnownFileType = sourcecode.swift; path = ToDoItemRepositoryFactory.swift; sourceTree = "<group>"; };
		BF4F78DA21C4466A000B10C2 /* ToDoListItemViewModel.swift */ = {isa = PBXFileReference; lastKnownFileType = sourcecode.swift; path = ToDoListItemViewModel.swift; sourceTree = "<group>"; };
		BF4F78E121C59EF3000B10C2 /* ToDoListItemCell.swift */ = {isa = PBXFileReference; lastKnownFileType = sourcecode.swift; path = ToDoListItemCell.swift; sourceTree = "<group>"; };
		BF4F78E421C7EEB7000B10C2 /* ToDoItemDataAccess.swift */ = {isa = PBXFileReference; lastKnownFileType = sourcecode.swift; path = ToDoItemDataAccess.swift; sourceTree = "<group>"; };
		BF4F78E621C7EF7E000B10C2 /* UserDefaultsToDoItemDAO.swift */ = {isa = PBXFileReference; lastKnownFileType = sourcecode.swift; path = UserDefaultsToDoItemDAO.swift; sourceTree = "<group>"; };
		BF4F78EB21C7F430000B10C2 /* AddToDoItemRouter.swift */ = {isa = PBXFileReference; lastKnownFileType = sourcecode.swift; path = AddToDoItemRouter.swift; sourceTree = "<group>"; };
		BF4F78ED21C7F46B000B10C2 /* AddToDoItemView.storyboard */ = {isa = PBXFileReference; lastKnownFileType = file.storyboard; path = AddToDoItemView.storyboard; sourceTree = "<group>"; };
		BF5F92F921C7F4B900B6F632 /* AddToDoItemViewController.swift */ = {isa = PBXFileReference; lastKnownFileType = sourcecode.swift; path = AddToDoItemViewController.swift; sourceTree = "<group>"; };
		BF5F92FB21C7F4F500B6F632 /* AddToDoItemViewModel.swift */ = {isa = PBXFileReference; lastKnownFileType = sourcecode.swift; path = AddToDoItemViewModel.swift; sourceTree = "<group>"; };
		BF5F92FD21C7F50600B6F632 /* AddToDoItemViewModelImpl.swift */ = {isa = PBXFileReference; lastKnownFileType = sourcecode.swift; path = AddToDoItemViewModelImpl.swift; sourceTree = "<group>"; };
		BF5F92FF21C7F86F00B6F632 /* AddToDoItemFactory.swift */ = {isa = PBXFileReference; lastKnownFileType = sourcecode.swift; path = AddToDoItemFactory.swift; sourceTree = "<group>"; };
		BF5F930321C836E700B6F632 /* WidgetFactory.swift */ = {isa = PBXFileReference; lastKnownFileType = sourcecode.swift; path = WidgetFactory.swift; sourceTree = "<group>"; };
		BF5F930521C8393700B6F632 /* SimplePickerView.swift */ = {isa = PBXFileReference; lastKnownFileType = sourcecode.swift; path = SimplePickerView.swift; sourceTree = "<group>"; };
		BF5F930721C8413E00B6F632 /* NewToDoItem.swift */ = {isa = PBXFileReference; lastKnownFileType = sourcecode.swift; path = NewToDoItem.swift; sourceTree = "<group>"; };
/* End PBXFileReference section */

/* Begin PBXFrameworksBuildPhase section */
		BF4F788921C3DE0D000B10C2 /* Frameworks */ = {
			isa = PBXFrameworksBuildPhase;
			buildActionMask = 2147483647;
			files = (
			);
			runOnlyForDeploymentPostprocessing = 0;
		};
		BF4F789D21C3DE10000B10C2 /* Frameworks */ = {
			isa = PBXFrameworksBuildPhase;
			buildActionMask = 2147483647;
			files = (
			);
			runOnlyForDeploymentPostprocessing = 0;
		};
/* End PBXFrameworksBuildPhase section */

/* Begin PBXGroup section */
		BF4F788321C3DE0D000B10C2 = {
			isa = PBXGroup;
			children = (
				BF4F788E21C3DE0D000B10C2 /* MVVMSample */,
				BF4F78A321C3DE10000B10C2 /* MVVMSampleTests */,
				BF4F788D21C3DE0D000B10C2 /* Products */,
			);
			sourceTree = "<group>";
		};
		BF4F788D21C3DE0D000B10C2 /* Products */ = {
			isa = PBXGroup;
			children = (
				BF4F788C21C3DE0D000B10C2 /* MVVMSample.app */,
				BF4F78A021C3DE10000B10C2 /* MVVMSampleTests.xctest */,
			);
			name = Products;
			sourceTree = "<group>";
		};
		BF4F788E21C3DE0D000B10C2 /* MVVMSample */ = {
			isa = PBXGroup;
			children = (
				BF4F78E821C7F3E2000B10C2 /* Add To Do Item */,
				BF4F788F21C3DE0D000B10C2 /* AppDelegate.swift */,
				BF4F78AF21C3DE3E000B10C2 /* Bootstrap */,
				BF4F78CF21C439B8000B10C2 /* Common */,
				BF4F78B321C3DFFC000B10C2 /* Coordinator */,
				BF4F78B021C3DE46000B10C2 /* Resources */,
				BF5F930221C8015200B6F632 /* To Do Item */,
				BF4F78B121C3DFE0000B10C2 /* To Do List */,
			);
			path = MVVMSample;
			sourceTree = "<group>";
		};
		BF4F78A321C3DE10000B10C2 /* MVVMSampleTests */ = {
			isa = PBXGroup;
			children = (
				BF4F78A421C3DE10000B10C2 /* MVVMSampleTests.swift */,
				BF4F78A621C3DE10000B10C2 /* Info.plist */,
			);
			path = MVVMSampleTests;
			sourceTree = "<group>";
		};
		BF4F78AF21C3DE3E000B10C2 /* Bootstrap */ = {
			isa = PBXGroup;
			children = (
				BF4F789B21C3DE10000B10C2 /* Info.plist */,
			);
			path = Bootstrap;
			sourceTree = "<group>";
		};
		BF4F78B021C3DE46000B10C2 /* Resources */ = {
			isa = PBXGroup;
			children = (
				BF4F789621C3DE10000B10C2 /* Assets.xcassets */,
				BF4F789821C3DE10000B10C2 /* LaunchScreen.storyboard */,
			);
			path = Resources;
			sourceTree = "<group>";
		};
		BF4F78B121C3DFE0000B10C2 /* To Do List */ = {
			isa = PBXGroup;
			children = (
				BF4F78C421C3E17C000B10C2 /* ToDoListFactory.swift */,
				BF4F78C021C3E0EF000B10C2 /* ToDoListRouter.swift */,
				BF4F78E021C44AB6000B10C2 /* View */,
				BF4F78DF21C44AAD000B10C2 /* View Model */,
			);
			path = "To Do List";
			sourceTree = "<group>";
		};
		BF4F78B321C3DFFC000B10C2 /* Coordinator */ = {
			isa = PBXGroup;
			children = (
				BF4F78B621C3E070000B10C2 /* Coordinator.swift */,
				BF4F78B421C3E070000B10C2 /* CoordinatorFactory.swift */,
				BF4F78B521C3E070000B10C2 /* iPhoneAppCoordinator.swift */,
			);
			path = Coordinator;
			sourceTree = "<group>";
		};
		BF4F78C821C43868000B10C2 /* Repository */ = {
			isa = PBXGroup;
			children = (
				BF4F78E421C7EEB7000B10C2 /* ToDoItemDataAccess.swift */,
				BF4F78C921C4387C000B10C2 /* ToDoItemRepository.swift */,
				BF4F78D621C440C7000B10C2 /* ToDoItemRepositoryFactory.swift */,
				BF4F78D221C43F7E000B10C2 /* ToDoItemRepositoryImpl.swift */,
			);
			path = Repository;
			sourceTree = "<group>";
		};
		BF4F78CF21C439B8000B10C2 /* Common */ = {
			isa = PBXGroup;
			children = (
				BF4F78D021C439BE000B10C2 /* Result.swift */,
				BF5F930521C8393700B6F632 /* SimplePickerView.swift */,
			);
			path = Common;
			sourceTree = "<group>";
		};
		BF4F78DF21C44AAD000B10C2 /* View Model */ = {
			isa = PBXGroup;
			children = (
				BF4F78DA21C4466A000B10C2 /* ToDoListItemViewModel.swift */,
				BF4F78BE21C3E0DE000B10C2 /* ToDoListViewModel.swift */,
				BF4F78C221C3E13E000B10C2 /* ToDoListViewModelImpl.swift */,
			);
			path = "View Model";
			sourceTree = "<group>";
		};
		BF4F78E021C44AB6000B10C2 /* View */ = {
			isa = PBXGroup;
			children = (
				BF4F78E121C59EF3000B10C2 /* ToDoListItemCell.swift */,
				BF4F78BC21C3E0CE000B10C2 /* ToDoListView.storyboard */,
				BF4F78BA21C3E0B9000B10C2 /* ToDoListViewController.swift */,
			);
			path = View;
			sourceTree = "<group>";
		};
		BF4F78E321C7EEA5000B10C2 /* DAO */ = {
			isa = PBXGroup;
			children = (
				BF4F78E621C7EF7E000B10C2 /* UserDefaultsToDoItemDAO.swift */,
			);
			path = DAO;
			sourceTree = "<group>";
		};
		BF4F78E821C7F3E2000B10C2 /* Add To Do Item */ = {
			isa = PBXGroup;
			children = (
				BF5F92FF21C7F86F00B6F632 /* AddToDoItemFactory.swift */,
				BF4F78EB21C7F430000B10C2 /* AddToDoItemRouter.swift */,
				BF4F78E921C7F3FB000B10C2 /* View */,
				BF4F78EA21C7F400000B10C2 /* View Model */,
			);
			path = "Add To Do Item";
			sourceTree = "<group>";
		};
		BF4F78E921C7F3FB000B10C2 /* View */ = {
			isa = PBXGroup;
			children = (
				BF4F78ED21C7F46B000B10C2 /* AddToDoItemView.storyboard */,
				BF5F92F921C7F4B900B6F632 /* AddToDoItemViewController.swift */,
				BF5F930321C836E700B6F632 /* WidgetFactory.swift */,
			);
			path = View;
			sourceTree = "<group>";
		};
		BF4F78EA21C7F400000B10C2 /* View Model */ = {
			isa = PBXGroup;
			children = (
				BF5F92FB21C7F4F500B6F632 /* AddToDoItemViewModel.swift */,
				BF5F92FD21C7F50600B6F632 /* AddToDoItemViewModelImpl.swift */,
				BF5F930721C8413E00B6F632 /* NewToDoItem.swift */,
			);
			path = "View Model";
			sourceTree = "<group>";
		};
		BF5F930221C8015200B6F632 /* To Do Item */ = {
			isa = PBXGroup;
			children = (
				BF4F78E321C7EEA5000B10C2 /* DAO */,
				BF4F78C821C43868000B10C2 /* Repository */,
				BF4F78CB21C4388B000B10C2 /* ToDoItem.swift */,
				BF4F78CD21C43899000B10C2 /* ToDoItemPriority.swift */,
			);
			path = "To Do Item";
			sourceTree = "<group>";
		};
/* End PBXGroup section */

/* Begin PBXNativeTarget section */
		BF4F788B21C3DE0D000B10C2 /* MVVMSample */ = {
			isa = PBXNativeTarget;
			buildConfigurationList = BF4F78A921C3DE10000B10C2 /* Build configuration list for PBXNativeTarget "MVVMSample" */;
			buildPhases = (
				BF4F788821C3DE0D000B10C2 /* Sources */,
				BF4F788921C3DE0D000B10C2 /* Frameworks */,
				BF4F788A21C3DE0D000B10C2 /* Resources */,
			);
			buildRules = (
			);
			dependencies = (
			);
			name = MVVMSample;
			productName = MVVMSample;
			productReference = BF4F788C21C3DE0D000B10C2 /* MVVMSample.app */;
			productType = "com.apple.product-type.application";
		};
		BF4F789F21C3DE10000B10C2 /* MVVMSampleTests */ = {
			isa = PBXNativeTarget;
			buildConfigurationList = BF4F78AC21C3DE10000B10C2 /* Build configuration list for PBXNativeTarget "MVVMSampleTests" */;
			buildPhases = (
				BF4F789C21C3DE10000B10C2 /* Sources */,
				BF4F789D21C3DE10000B10C2 /* Frameworks */,
				BF4F789E21C3DE10000B10C2 /* Resources */,
			);
			buildRules = (
			);
			dependencies = (
				BF4F78A221C3DE10000B10C2 /* PBXTargetDependency */,
			);
			name = MVVMSampleTests;
			productName = MVVMSampleTests;
			productReference = BF4F78A021C3DE10000B10C2 /* MVVMSampleTests.xctest */;
			productType = "com.apple.product-type.bundle.unit-test";
		};
/* End PBXNativeTarget section */

/* Begin PBXProject section */
		BF4F788421C3DE0D000B10C2 /* Project object */ = {
			isa = PBXProject;
			attributes = {
				LastSwiftUpdateCheck = 1000;
				LastUpgradeCheck = 1000;
				ORGANIZATIONNAME = "adesso mobile solutions GmbH";
				TargetAttributes = {
					BF4F788B21C3DE0D000B10C2 = {
						CreatedOnToolsVersion = 10.0;
					};
					BF4F789F21C3DE10000B10C2 = {
						CreatedOnToolsVersion = 10.0;
						TestTargetID = BF4F788B21C3DE0D000B10C2;
					};
				};
			};
			buildConfigurationList = BF4F788721C3DE0D000B10C2 /* Build configuration list for PBXProject "MVVMSample" */;
			compatibilityVersion = "Xcode 9.3";
			developmentRegion = en;
			hasScannedForEncodings = 0;
			knownRegions = (
				en,
				Base,
			);
			mainGroup = BF4F788321C3DE0D000B10C2;
			productRefGroup = BF4F788D21C3DE0D000B10C2 /* Products */;
			projectDirPath = "";
			projectRoot = "";
			targets = (
				BF4F788B21C3DE0D000B10C2 /* MVVMSample */,
				BF4F789F21C3DE10000B10C2 /* MVVMSampleTests */,
			);
		};
/* End PBXProject section */

/* Begin PBXResourcesBuildPhase section */
		BF4F788A21C3DE0D000B10C2 /* Resources */ = {
			isa = PBXResourcesBuildPhase;
			buildActionMask = 2147483647;
			files = (
				BF4F789A21C3DE10000B10C2 /* LaunchScreen.storyboard in Resources */,
				BF4F789721C3DE10000B10C2 /* Assets.xcassets in Resources */,
				BF4F78EE21C7F46B000B10C2 /* AddToDoItemView.storyboard in Resources */,
				BF4F78BD21C3E0CE000B10C2 /* ToDoListView.storyboard in Resources */,
			);
			runOnlyForDeploymentPostprocessing = 0;
		};
		BF4F789E21C3DE10000B10C2 /* Resources */ = {
			isa = PBXResourcesBuildPhase;
			buildActionMask = 2147483647;
			files = (
			);
			runOnlyForDeploymentPostprocessing = 0;
		};
/* End PBXResourcesBuildPhase section */

/* Begin PBXSourcesBuildPhase section */
		BF4F788821C3DE0D000B10C2 /* Sources */ = {
			isa = PBXSourcesBuildPhase;
			buildActionMask = 2147483647;
			files = (
				BF4F78CE21C43899000B10C2 /* ToDoItemPriority.swift in Sources */,
				BF4F78D121C439BE000B10C2 /* Result.swift in Sources */,
				BF5F930821C8413E00B6F632 /* NewToDoItem.swift in Sources */,
				BF4F78E521C7EEB7000B10C2 /* ToDoItemDataAccess.swift in Sources */,
				BF4F78BF21C3E0DE000B10C2 /* ToDoListViewModel.swift in Sources */,
				BF4F78C521C3E17C000B10C2 /* ToDoListFactory.swift in Sources */,
				BF4F78B921C3E070000B10C2 /* Coordinator.swift in Sources */,
				BF5F930421C836E700B6F632 /* WidgetFactory.swift in Sources */,
				BF4F789021C3DE0D000B10C2 /* AppDelegate.swift in Sources */,
				BF4F78B721C3E070000B10C2 /* CoordinatorFactory.swift in Sources */,
				BF4F78D721C440C7000B10C2 /* ToDoItemRepositoryFactory.swift in Sources */,
				BF5F930621C8393700B6F632 /* SimplePickerView.swift in Sources */,
				BF4F78C321C3E13E000B10C2 /* ToDoListViewModelImpl.swift in Sources */,
				BF4F78DB21C4466A000B10C2 /* ToDoListItemViewModel.swift in Sources */,
				BF4F78C121C3E0EF000B10C2 /* ToDoListRouter.swift in Sources */,
				BF4F78CC21C4388B000B10C2 /* ToDoItem.swift in Sources */,
				BF5F92FA21C7F4B900B6F632 /* AddToDoItemViewController.swift in Sources */,
				BF4F78EC21C7F430000B10C2 /* AddToDoItemRouter.swift in Sources */,
				BF5F92FE21C7F50600B6F632 /* AddToDoItemViewModelImpl.swift in Sources */,
				BF4F78D321C43F7E000B10C2 /* ToDoItemRepositoryImpl.swift in Sources */,
				BF5F930021C7F86F00B6F632 /* AddToDoItemFactory.swift in Sources */,
				BF4F78BB21C3E0B9000B10C2 /* ToDoListViewController.swift in Sources */,
				BF4F78E721C7EF7E000B10C2 /* UserDefaultsToDoItemDAO.swift in Sources */,
				BF4F78CA21C4387C000B10C2 /* ToDoItemRepository.swift in Sources */,
				BF4F78B821C3E070000B10C2 /* iPhoneAppCoordinator.swift in Sources */,
				BF4F78E221C59EF3000B10C2 /* ToDoListItemCell.swift in Sources */,
				BF5F92FC21C7F4F500B6F632 /* AddToDoItemViewModel.swift in Sources */,
			);
			runOnlyForDeploymentPostprocessing = 0;
		};
		BF4F789C21C3DE10000B10C2 /* Sources */ = {
			isa = PBXSourcesBuildPhase;
			buildActionMask = 2147483647;
			files = (
				BF4F78A521C3DE10000B10C2 /* MVVMSampleTests.swift in Sources */,
			);
			runOnlyForDeploymentPostprocessing = 0;
		};
/* End PBXSourcesBuildPhase section */

/* Begin PBXTargetDependency section */
		BF4F78A221C3DE10000B10C2 /* PBXTargetDependency */ = {
			isa = PBXTargetDependency;
			target = BF4F788B21C3DE0D000B10C2 /* MVVMSample */;
			targetProxy = BF4F78A121C3DE10000B10C2 /* PBXContainerItemProxy */;
		};
/* End PBXTargetDependency section */

/* Begin PBXVariantGroup section */
		BF4F789821C3DE10000B10C2 /* LaunchScreen.storyboard */ = {
			isa = PBXVariantGroup;
			children = (
				BF4F789921C3DE10000B10C2 /* Base */,
			);
			name = LaunchScreen.storyboard;
			sourceTree = "<group>";
		};
/* End PBXVariantGroup section */

/* Begin XCBuildConfiguration section */
		BF4F78A721C3DE10000B10C2 /* Debug */ = {
			isa = XCBuildConfiguration;
			buildSettings = {
				ALWAYS_SEARCH_USER_PATHS = NO;
				CLANG_ANALYZER_NONNULL = YES;
				CLANG_ANALYZER_NUMBER_OBJECT_CONVERSION = YES_AGGRESSIVE;
				CLANG_CXX_LANGUAGE_STANDARD = "gnu++14";
				CLANG_CXX_LIBRARY = "libc++";
				CLANG_ENABLE_MODULES = YES;
				CLANG_ENABLE_OBJC_ARC = YES;
				CLANG_ENABLE_OBJC_WEAK = YES;
				CLANG_WARN_BLOCK_CAPTURE_AUTORELEASING = YES;
				CLANG_WARN_BOOL_CONVERSION = YES;
				CLANG_WARN_COMMA = YES;
				CLANG_WARN_CONSTANT_CONVERSION = YES;
				CLANG_WARN_DEPRECATED_OBJC_IMPLEMENTATIONS = YES;
				CLANG_WARN_DIRECT_OBJC_ISA_USAGE = YES_ERROR;
				CLANG_WARN_DOCUMENTATION_COMMENTS = YES;
				CLANG_WARN_EMPTY_BODY = YES;
				CLANG_WARN_ENUM_CONVERSION = YES;
				CLANG_WARN_INFINITE_RECURSION = YES;
				CLANG_WARN_INT_CONVERSION = YES;
				CLANG_WARN_NON_LITERAL_NULL_CONVERSION = YES;
				CLANG_WARN_OBJC_IMPLICIT_RETAIN_SELF = YES;
				CLANG_WARN_OBJC_LITERAL_CONVERSION = YES;
				CLANG_WARN_OBJC_ROOT_CLASS = YES_ERROR;
				CLANG_WARN_RANGE_LOOP_ANALYSIS = YES;
				CLANG_WARN_STRICT_PROTOTYPES = YES;
				CLANG_WARN_SUSPICIOUS_MOVE = YES;
				CLANG_WARN_UNGUARDED_AVAILABILITY = YES_AGGRESSIVE;
				CLANG_WARN_UNREACHABLE_CODE = YES;
				CLANG_WARN__DUPLICATE_METHOD_MATCH = YES;
				CODE_SIGN_IDENTITY = "iPhone Developer";
				COPY_PHASE_STRIP = NO;
				DEBUG_INFORMATION_FORMAT = dwarf;
				ENABLE_STRICT_OBJC_MSGSEND = YES;
				ENABLE_TESTABILITY = YES;
				GCC_C_LANGUAGE_STANDARD = gnu11;
				GCC_DYNAMIC_NO_PIC = NO;
				GCC_NO_COMMON_BLOCKS = YES;
				GCC_OPTIMIZATION_LEVEL = 0;
				GCC_PREPROCESSOR_DEFINITIONS = (
					"DEBUG=1",
					"$(inherited)",
				);
				GCC_WARN_64_TO_32_BIT_CONVERSION = YES;
				GCC_WARN_ABOUT_RETURN_TYPE = YES_ERROR;
				GCC_WARN_UNDECLARED_SELECTOR = YES;
				GCC_WARN_UNINITIALIZED_AUTOS = YES_AGGRESSIVE;
				GCC_WARN_UNUSED_FUNCTION = YES;
				GCC_WARN_UNUSED_VARIABLE = YES;
				IPHONEOS_DEPLOYMENT_TARGET = 10.0;
				MTL_ENABLE_DEBUG_INFO = INCLUDE_SOURCE;
				MTL_FAST_MATH = YES;
				ONLY_ACTIVE_ARCH = YES;
				SDKROOT = iphoneos;
				SWIFT_ACTIVE_COMPILATION_CONDITIONS = DEBUG;
				SWIFT_OPTIMIZATION_LEVEL = "-Onone";
			};
			name = Debug;
		};
		BF4F78A821C3DE10000B10C2 /* Release */ = {
			isa = XCBuildConfiguration;
			buildSettings = {
				ALWAYS_SEARCH_USER_PATHS = NO;
				CLANG_ANALYZER_NONNULL = YES;
				CLANG_ANALYZER_NUMBER_OBJECT_CONVERSION = YES_AGGRESSIVE;
				CLANG_CXX_LANGUAGE_STANDARD = "gnu++14";
				CLANG_CXX_LIBRARY = "libc++";
				CLANG_ENABLE_MODULES = YES;
				CLANG_ENABLE_OBJC_ARC = YES;
				CLANG_ENABLE_OBJC_WEAK = YES;
				CLANG_WARN_BLOCK_CAPTURE_AUTORELEASING = YES;
				CLANG_WARN_BOOL_CONVERSION = YES;
				CLANG_WARN_COMMA = YES;
				CLANG_WARN_CONSTANT_CONVERSION = YES;
				CLANG_WARN_DEPRECATED_OBJC_IMPLEMENTATIONS = YES;
				CLANG_WARN_DIRECT_OBJC_ISA_USAGE = YES_ERROR;
				CLANG_WARN_DOCUMENTATION_COMMENTS = YES;
				CLANG_WARN_EMPTY_BODY = YES;
				CLANG_WARN_ENUM_CONVERSION = YES;
				CLANG_WARN_INFINITE_RECURSION = YES;
				CLANG_WARN_INT_CONVERSION = YES;
				CLANG_WARN_NON_LITERAL_NULL_CONVERSION = YES;
				CLANG_WARN_OBJC_IMPLICIT_RETAIN_SELF = YES;
				CLANG_WARN_OBJC_LITERAL_CONVERSION = YES;
				CLANG_WARN_OBJC_ROOT_CLASS = YES_ERROR;
				CLANG_WARN_RANGE_LOOP_ANALYSIS = YES;
				CLANG_WARN_STRICT_PROTOTYPES = YES;
				CLANG_WARN_SUSPICIOUS_MOVE = YES;
				CLANG_WARN_UNGUARDED_AVAILABILITY = YES_AGGRESSIVE;
				CLANG_WARN_UNREACHABLE_CODE = YES;
				CLANG_WARN__DUPLICATE_METHOD_MATCH = YES;
				CODE_SIGN_IDENTITY = "iPhone Developer";
				COPY_PHASE_STRIP = NO;
				DEBUG_INFORMATION_FORMAT = "dwarf-with-dsym";
				ENABLE_NS_ASSERTIONS = NO;
				ENABLE_STRICT_OBJC_MSGSEND = YES;
				GCC_C_LANGUAGE_STANDARD = gnu11;
				GCC_NO_COMMON_BLOCKS = YES;
				GCC_WARN_64_TO_32_BIT_CONVERSION = YES;
				GCC_WARN_ABOUT_RETURN_TYPE = YES_ERROR;
				GCC_WARN_UNDECLARED_SELECTOR = YES;
				GCC_WARN_UNINITIALIZED_AUTOS = YES_AGGRESSIVE;
				GCC_WARN_UNUSED_FUNCTION = YES;
				GCC_WARN_UNUSED_VARIABLE = YES;
				IPHONEOS_DEPLOYMENT_TARGET = 10.0;
				MTL_ENABLE_DEBUG_INFO = NO;
				MTL_FAST_MATH = YES;
				SDKROOT = iphoneos;
				SWIFT_COMPILATION_MODE = wholemodule;
				SWIFT_OPTIMIZATION_LEVEL = "-O";
				VALIDATE_PRODUCT = YES;
			};
			name = Release;
		};
		BF4F78AA21C3DE10000B10C2 /* Debug */ = {
			isa = XCBuildConfiguration;
			buildSettings = {
				ASSETCATALOG_COMPILER_APPICON_NAME = AppIcon;
				CODE_SIGN_STYLE = Manual;
				DEVELOPMENT_TEAM = 986JK4PY5R;
				INFOPLIST_FILE = MVVMSample/Bootstrap/Info.plist;
				LD_RUNPATH_SEARCH_PATHS = (
					"$(inherited)",
					"@executable_path/Frameworks",
				);
				PRODUCT_BUNDLE_IDENTIFIER = "de.adesso-mobile.MVVMSample";
				PRODUCT_NAME = "$(TARGET_NAME)";
				PROVISIONING_PROFILE_SPECIFIER = "Adesso AG Development";
				SWIFT_VERSION = 4.2;
				TARGETED_DEVICE_FAMILY = "1,2";
			};
			name = Debug;
		};
		BF4F78AB21C3DE10000B10C2 /* Release */ = {
			isa = XCBuildConfiguration;
			buildSettings = {
				ASSETCATALOG_COMPILER_APPICON_NAME = AppIcon;
				CODE_SIGN_STYLE = Manual;
				DEVELOPMENT_TEAM = 986JK4PY5R;
				INFOPLIST_FILE = MVVMSample/Bootstrap/Info.plist;
				LD_RUNPATH_SEARCH_PATHS = (
					"$(inherited)",
					"@executable_path/Frameworks",
				);
				PRODUCT_BUNDLE_IDENTIFIER = "de.adesso-mobile.MVVMSample";
				PRODUCT_NAME = "$(TARGET_NAME)";
				PROVISIONING_PROFILE_SPECIFIER = "Adesso AG Development";
				SWIFT_VERSION = 4.2;
				TARGETED_DEVICE_FAMILY = "1,2";
			};
			name = Release;
		};
		BF4F78AD21C3DE10000B10C2 /* Debug */ = {
			isa = XCBuildConfiguration;
			buildSettings = {
				ALWAYS_EMBED_SWIFT_STANDARD_LIBRARIES = YES;
				BUNDLE_LOADER = "$(TEST_HOST)";
				CODE_SIGN_STYLE = Automatic;
				DEVELOPMENT_TEAM = 986JK4PY5R;
				INFOPLIST_FILE = MVVMSampleTests/Info.plist;
				LD_RUNPATH_SEARCH_PATHS = (
					"$(inherited)",
					"@executable_path/Frameworks",
					"@loader_path/Frameworks",
				);
				PRODUCT_BUNDLE_IDENTIFIER = "de.adesso-mobile.MVVMSampleTests";
				PRODUCT_NAME = "$(TARGET_NAME)";
				SWIFT_VERSION = 4.2;
				TARGETED_DEVICE_FAMILY = "1,2";
				TEST_HOST = "$(BUILT_PRODUCTS_DIR)/MVVMSample.app/MVVMSample";
			};
			name = Debug;
		};
		BF4F78AE21C3DE10000B10C2 /* Release */ = {
			isa = XCBuildConfiguration;
			buildSettings = {
				ALWAYS_EMBED_SWIFT_STANDARD_LIBRARIES = YES;
				BUNDLE_LOADER = "$(TEST_HOST)";
				CODE_SIGN_STYLE = Automatic;
				DEVELOPMENT_TEAM = 986JK4PY5R;
				INFOPLIST_FILE = MVVMSampleTests/Info.plist;
				LD_RUNPATH_SEARCH_PATHS = (
					"$(inherited)",
					"@executable_path/Frameworks",
					"@loader_path/Frameworks",
				);
				PRODUCT_BUNDLE_IDENTIFIER = "de.adesso-mobile.MVVMSampleTests";
				PRODUCT_NAME = "$(TARGET_NAME)";
				SWIFT_VERSION = 4.2;
				TARGETED_DEVICE_FAMILY = "1,2";
				TEST_HOST = "$(BUILT_PRODUCTS_DIR)/MVVMSample.app/MVVMSample";
			};
			name = Release;
		};
/* End XCBuildConfiguration section */

/* Begin XCConfigurationList section */
		BF4F788721C3DE0D000B10C2 /* Build configuration list for PBXProject "MVVMSample" */ = {
			isa = XCConfigurationList;
			buildConfigurations = (
				BF4F78A721C3DE10000B10C2 /* Debug */,
				BF4F78A821C3DE10000B10C2 /* Release */,
			);
			defaultConfigurationIsVisible = 0;
			defaultConfigurationName = Release;
		};
		BF4F78A921C3DE10000B10C2 /* Build configuration list for PBXNativeTarget "MVVMSample" */ = {
			isa = XCConfigurationList;
			buildConfigurations = (
				BF4F78AA21C3DE10000B10C2 /* Debug */,
				BF4F78AB21C3DE10000B10C2 /* Release */,
			);
			defaultConfigurationIsVisible = 0;
			defaultConfigurationName = Release;
		};
		BF4F78AC21C3DE10000B10C2 /* Build configuration list for PBXNativeTarget "MVVMSampleTests" */ = {
			isa = XCConfigurationList;
			buildConfigurations = (
				BF4F78AD21C3DE10000B10C2 /* Debug */,
				BF4F78AE21C3DE10000B10C2 /* Release */,
			);
			defaultConfigurationIsVisible = 0;
			defaultConfigurationName = Release;
		};
/* End XCConfigurationList section */
	};
	rootObject = BF4F788421C3DE0D000B10C2 /* Project object */;
}
